
Microsoft Visual Studio Solution File, Format Version 10.00
# Visual Studio 2008
Project("{FAE04EC0-301F-11D3-BF4B-00C04F79EFBC}") = "ChatClient", "ChatClient\ChatClient.csproj", "{3A5DB4D8-B7EC-4AAE-8C7B-D60D8EB17290}"
EndProject
Global
	GlobalSection(SolutionConfigurationPlatforms) = preSolution
		Debug|Any CPU = Debug|Any CPU
		Release|Any CPU = Release|Any CPU
	EndGlobalSection
	GlobalSection(ProjectConfigurationPlatforms) = postSolution
		{3A5DB4D8-B7EC-4AAE-8C7B-D60D8EB17290}.Debug|Any CPU.ActiveCfg = Debug|Any CPU
		{3A5DB4D8-B7EC-4AAE-8C7B-D60D8EB17290}.Debug|Any CPU.Build.0 = Debug|Any CPU
		{3A5DB4D8-B7EC-4AAE-8C7B-D60D8EB17290}.Release|Any CPU.ActiveCfg = Release|Any CPU
		{3A5DB4D8-B7EC-4AAE-8C7B-D60D8EB17290}.Release|Any CPU.Build.0 = Release|Any CPU
	EndGlobalSection
	GlobalSection(SolutionProperties) = preSolution
		HideSolutionNode = FALSE
	EndGlobalSection
EndGlobal
